Microsoft Visual Studio Solution File, Format Version 12.00
# Visual Studio Version 17
VisualStudioVersion = 17.5.2.0
MinimumVisualStudioVersion = 10.0.40219.1
Project("{FAE04EC0-301F-11D3-BF4B-00C04F79EFBC}") = "AuthReverseProxy", "AuthReverseProxy.csproj", "{C99E73D5-08CD-4087-F348-7AE020E146A1}"
EndProject
Global
	GlobalSection(SolutionConfigurationPlatforms) = preSolution
		Debug|Any CPU = Debug|Any CPU
		Release|Any CPU = Release|Any CPU
	EndGlobalSection
	GlobalSection(ProjectConfigurationPlatforms) = postSolution
		{C99E73D5-08CD-4087-F348-7AE020E146A1}.Debug|Any CPU.ActiveCfg = Debug|Any CPU
		{C99E73D5-08CD-4087-F348-7AE020E146A1}.Debug|Any CPU.Build.0 = Debug|Any CPU
		{C99E73D5-08CD-4087-F348-7AE020E146A1}.Release|Any CPU.ActiveCfg = Release|Any CPU
		{C99E73D5-08CD-4087-F348-7AE020E146A1}.Release|Any CPU.Build.0 = Release|Any CPU
	EndGlobalSection
	GlobalSection(SolutionProperties) = preSolution
		HideSolutionNode = FALSE
	EndGlobalSection
	GlobalSection(ExtensibilityGlobals) = postSolution
		SolutionGuid = {CF5EE0BB-B662-4466-A057-5850D81DC64C}
	EndGlobalSection
EndGlobal
